// !$*UTF8*$!
{
	archiveVersion = 1;
	classes = {
	};
	objectVersion = 52;
	objects = {

/* Begin PBXBuildFile section */
		DB3973A927CAB59E00448035 /* MyFavoritesViewController.swift in Sources */ = {isa = PBXBuildFile; fileRef = DB3973A827CAB59E00448035 /* MyFavoritesViewController.swift */; };
		DB3973AB27CABB6500448035 /* ImageCollectionViewCell.swift in Sources */ = {isa = PBXBuildFile; fileRef = DB3973AA27CABB6500448035 /* ImageCollectionViewCell.swift */; };
		DB3973B227CB1C4100448035 /* Assets.bundle in Frameworks */ = {isa = PBXBuildFile; fileRef = DB3973B127CB1C4100448035 /* Assets.bundle */; };
		DB3973B527CB1E3D00448035 /* YouTubeiOSPlayerHelper in Frameworks */ = {isa = PBXBuildFile; productRef = DB3973B427CB1E3D00448035 /* YouTubeiOSPlayerHelper */; };
		DB4145E227C986F100AFE5B6 /* AppDelegate.swift in Sources */ = {isa = PBXBuildFile; fileRef = DB4145E127C986F100AFE5B6 /* AppDelegate.swift */; };
		DB4145E427C986F100AFE5B6 /* SceneDelegate.swift in Sources */ = {isa = PBXBuildFile; fileRef = DB4145E327C986F100AFE5B6 /* SceneDelegate.swift */; };
		DB4145E627C986F100AFE5B6 /* APODViewController.swift in Sources */ = {isa = PBXBuildFile; fileRef = DB4145E527C986F100AFE5B6 /* APODViewController.swift */; };
		DB4145E927C986F100AFE5B6 /* Main.storyboard in Resources */ = {isa = PBXBuildFile; fileRef = DB4145E727C986F100AFE5B6 /* Main.storyboard */; };
		DB4145EB27C986F200AFE5B6 /* Assets.xcassets in Resources */ = {isa = PBXBuildFile; fileRef = DB4145EA27C986F200AFE5B6 /* Assets.xcassets */; };
		DB4145EE27C986F200AFE5B6 /* LaunchScreen.storyboard in Resources */ = {isa = PBXBuildFile; fileRef = DB4145EC27C986F200AFE5B6 /* LaunchScreen.storyboard */; };
		DB4145F627C9A49E00AFE5B6 /* Network.swift in Sources */ = {isa = PBXBuildFile; fileRef = DB4145F527C9A49E00AFE5B6 /* Network.swift */; };
		DB4145F827C9A54A00AFE5B6 /* APODItem.swift in Sources */ = {isa = PBXBuildFile; fileRef = DB4145F727C9A54A00AFE5B6 /* APODItem.swift */; };
		DB4145FC27C9FB9300AFE5B6 /* APOD.xcdatamodeld in Sources */ = {isa = PBXBuildFile; fileRef = DB4145FA27C9FB9300AFE5B6 /* APOD.xcdatamodeld */; };
		DB4145FE27CA024900AFE5B6 /* PersistenceController.swift in Sources */ = {isa = PBXBuildFile; fileRef = DB4145FD27CA024900AFE5B6 /* PersistenceController.swift */; };
		DB41460227CA2BBE00AFE5B6 /* YearMonthDay.swift in Sources */ = {isa = PBXBuildFile; fileRef = DB41460127CA2BBE00AFE5B6 /* YearMonthDay.swift */; };
		DB41460427CA2C6C00AFE5B6 /* Utilities.swift in Sources */ = {isa = PBXBuildFile; fileRef = DB41460327CA2C6C00AFE5B6 /* Utilities.swift */; };
		DB41460627CA9ED800AFE5B6 /* PanZoomImageView.swift in Sources */ = {isa = PBXBuildFile; fileRef = DB41460527CA9ED800AFE5B6 /* PanZoomImageView.swift */; };
		DB41460827CAA12D00AFE5B6 /* FullImageViewController.swift in Sources */ = {isa = PBXBuildFile; fileRef = DB41460727CAA12D00AFE5B6 /* FullImageViewController.swift */; };
		DB41460A27CAACB800AFE5B6 /* ApodDataLoader.swift in Sources */ = {isa = PBXBuildFile; fileRef = DB41460927CAACB800AFE5B6 /* ApodDataLoader.swift */; };
/* End PBXBuildFile section */

/* Begin PBXFileReference section */
		DB3973A827CAB59E00448035 /* MyFavoritesViewController.swift */ = {isa = PBXFileReference; lastKnownFileType = sourcecode.swift; path = MyFavoritesViewController.swift; sourceTree = "<group>"; };
		DB3973AA27CABB6500448035 /* ImageCollectionViewCell.swift */ = {isa = PBXFileReference; lastKnownFileType = sourcecode.swift; path = ImageCollectionViewCell.swift; sourceTree = "<group>"; };
		DB3973B127CB1C4100448035 /* Assets.bundle */ = {isa = PBXFileReference; lastKnownFileType = "wrapper.plug-in"; name = Assets.bundle; path = "NASA-APOD/youtube-ios-player-helper/youtube-ios-player-helper/Assets.bundle"; sourceTree = "<group>"; };
		DB4145DE27C986F100AFE5B6 /* NASA-APOD.app */ = {isa = PBXFileReference; explicitFileType = wrapper.application; includeInIndex = 0; path = "NASA-APOD.app"; sourceTree = BUILT_PRODUCTS_DIR; };
		DB4145E127C986F100AFE5B6 /* AppDelegate.swift */ = {isa = PBXFileReference; lastKnownFileType = sourcecode.swift; path = AppDelegate.swift; sourceTree = "<group>"; };
		DB4145E327C986F100AFE5B6 /* SceneDelegate.swift */ = {isa = PBXFileReference; lastKnownFileType = sourcecode.swift; path = SceneDelegate.swift; sourceTree = "<group>"; };
		DB4145E527C986F100AFE5B6 /* APODViewController.swift */ = {isa = PBXFileReference; lastKnownFileType = sourcecode.swift; path = APODViewController.swift; sourceTree = "<group>"; };
		DB4145E827C986F100AFE5B6 /* Base */ = {isa = PBXFileReference; lastKnownFileType = file.storyboard; name = Base; path = Base.lproj/Main.storyboard; sourceTree = "<group>"; };
		DB4145EA27C986F200AFE5B6 /* Assets.xcassets */ = {isa = PBXFileReference; lastKnownFileType = folder.assetcatalog; path = Assets.xcassets; sourceTree = "<group>"; };
		DB4145ED27C986F200AFE5B6 /* Base */ = {isa = PBXFileReference; lastKnownFileType = file.storyboard; name = Base; path = Base.lproj/LaunchScreen.storyboard; sourceTree = "<group>"; };
		DB4145EF27C986F200AFE5B6 /* Info.plist */ = {isa = PBXFileReference; lastKnownFileType = text.plist.xml; path = Info.plist; sourceTree = "<group>"; };
		DB4145F527C9A49E00AFE5B6 /* Network.swift */ = {isa = PBXFileReference; lastKnownFileType = sourcecode.swift; path = Network.swift; sourceTree = "<group>"; };
		DB4145F727C9A54A00AFE5B6 /* APODItem.swift */ = {isa = PBXFileReference; lastKnownFileType = sourcecode.swift; path = APODItem.swift; sourceTree = "<group>"; };
		DB4145FB27C9FB9300AFE5B6 /* APOD.xcdatamodel */ = {isa = PBXFileReference; lastKnownFileType = wrapper.xcdatamodel; path = APOD.xcdatamodel; sourceTree = "<group>"; };
		DB4145FD27CA024900AFE5B6 /* PersistenceController.swift */ = {isa = PBXFileReference; lastKnownFileType = sourcecode.swift; path = PersistenceController.swift; sourceTree = "<group>"; };
		DB41460127CA2BBE00AFE5B6 /* YearMonthDay.swift */ = {isa = PBXFileReference; lastKnownFileType = sourcecode.swift; path = YearMonthDay.swift; sourceTree = "<group>"; };
		DB41460327CA2C6C00AFE5B6 /* Utilities.swift */ = {isa = PBXFileReference; lastKnownFileType = sourcecode.swift; path = Utilities.swift; sourceTree = "<group>"; };
		DB41460527CA9ED800AFE5B6 /* PanZoomImageView.swift */ = {isa = PBXFileReference; lastKnownFileType = sourcecode.swift; path = PanZoomImageView.swift; sourceTree = "<group>"; };
		DB41460727CAA12D00AFE5B6 /* FullImageViewController.swift */ = {isa = PBXFileReference; lastKnownFileType = sourcecode.swift; path = FullImageViewController.swift; sourceTree = "<group>"; };
		DB41460927CAACB800AFE5B6 /* ApodDataLoader.swift */ = {isa = PBXFileReference; lastKnownFileType = sourcecode.swift; path = ApodDataLoader.swift; sourceTree = "<group>"; };
/* End PBXFileReference section */

/* Begin PBXFrameworksBuildPhase section */
		DB4145DB27C986F100AFE5B6 /* Frameworks */ = {
			isa = PBXFrameworksBuildPhase;
			buildActionMask = 2147483647;
			files = (
				DB3973B227CB1C4100448035 /* Assets.bundle in Frameworks */,
				DB3973B527CB1E3D00448035 /* YouTubeiOSPlayerHelper in Frameworks */,
			);
			runOnlyForDeploymentPostprocessing = 0;
		};
/* End PBXFrameworksBuildPhase section */

/* Begin PBXGroup section */
		DB3973B027CB1C4100448035 /* Frameworks */ = {
			isa = PBXGroup;
			children = (
				DB3973B127CB1C4100448035 /* Assets.bundle */,
			);
			name = Frameworks;
			sourceTree = "<group>";
		};
		DB4145D527C986F000AFE5B6 = {
			isa = PBXGroup;
			children = (
				DB4145E027C986F100AFE5B6 /* NASA-APOD */,
				DB4145DF27C986F100AFE5B6 /* Products */,
				DB3973B027CB1C4100448035 /* Frameworks */,
			);
			sourceTree = "<group>";
		};
		DB4145DF27C986F100AFE5B6 /* Products */ = {
			isa = PBXGroup;
			children = (
				DB4145DE27C986F100AFE5B6 /* NASA-APOD.app */,
			);
			name = Products;
			sourceTree = "<group>";
		};
		DB4145E027C986F100AFE5B6 /* NASA-APOD */ = {
			isa = PBXGroup;
			children = (
				DB41460027CA2BA400AFE5B6 /* Utility */,
				DB4145FF27CA2A6800AFE5B6 /* Networking */,
				DB4145F927C9FB5100AFE5B6 /* Database */,
				DB4145E127C986F100AFE5B6 /* AppDelegate.swift */,
				DB4145E327C986F100AFE5B6 /* SceneDelegate.swift */,
				DB4145E527C986F100AFE5B6 /* APODViewController.swift */,
				DB4145E727C986F100AFE5B6 /* Main.storyboard */,
				DB4145EA27C986F200AFE5B6 /* Assets.xcassets */,
				DB4145EC27C986F200AFE5B6 /* LaunchScreen.storyboard */,
				DB4145EF27C986F200AFE5B6 /* Info.plist */,
				DB41460727CAA12D00AFE5B6 /* FullImageViewController.swift */,
				DB3973A827CAB59E00448035 /* MyFavoritesViewController.swift */,
				DB3973AA27CABB6500448035 /* ImageCollectionViewCell.swift */,
			);
			path = "NASA-APOD";
			sourceTree = "<group>";
		};
		DB4145F927C9FB5100AFE5B6 /* Database */ = {
			isa = PBXGroup;
			children = (
				DB4145FA27C9FB9300AFE5B6 /* APOD.xcdatamodeld */,
				DB4145FD27CA024900AFE5B6 /* PersistenceController.swift */,
				DB41460927CAACB800AFE5B6 /* ApodDataLoader.swift */,
			);
			path = Database;
			sourceTree = "<group>";
		};
		DB4145FF27CA2A6800AFE5B6 /* Networking */ = {
			isa = PBXGroup;
			children = (
				DB4145F527C9A49E00AFE5B6 /* Network.swift */,
				DB4145F727C9A54A00AFE5B6 /* APODItem.swift */,
			);
			path = Networking;
			sourceTree = "<group>";
		};
		DB41460027CA2BA400AFE5B6 /* Utility */ = {
			isa = PBXGroup;
			children = (
				DB41460127CA2BBE00AFE5B6 /* YearMonthDay.swift */,
				DB41460327CA2C6C00AFE5B6 /* Utilities.swift */,
				DB41460527CA9ED800AFE5B6 /* PanZoomImageView.swift */,
			);
			path = Utility;
			sourceTree = "<group>";
		};
/* End PBXGroup section */

/* Begin PBXNativeTarget section */
		DB4145DD27C986F100AFE5B6 /* NASA-APOD */ = {
			isa = PBXNativeTarget;
			buildConfigurationList = DB4145F227C986F200AFE5B6 /* Build configuration list for PBXNativeTarget "NASA-APOD" */;
			buildPhases = (
				DB4145DA27C986F100AFE5B6 /* Sources */,
				DB4145DB27C986F100AFE5B6 /* Frameworks */,
				DB4145DC27C986F100AFE5B6 /* Resources */,
			);
			buildRules = (
			);
			dependencies = (
			);
			name = "NASA-APOD";
			packageProductDependencies = (
				DB3973B427CB1E3D00448035 /* YouTubeiOSPlayerHelper */,
			);
			productName = "NASA-APOD";
			productReference = DB4145DE27C986F100AFE5B6 /* NASA-APOD.app */;
			productType = "com.apple.product-type.application";
		};
/* End PBXNativeTarget section */

/* Begin PBXProject section */
		DB4145D627C986F100AFE5B6 /* Project object */ = {
			isa = PBXProject;
			attributes = {
				LastSwiftUpdateCheck = 1250;
				LastUpgradeCheck = 1250;
				TargetAttributes = {
					DB4145DD27C986F100AFE5B6 = {
						CreatedOnToolsVersion = 12.5.1;
					};
				};
			};
			buildConfigurationList = DB4145D927C986F100AFE5B6 /* Build configuration list for PBXProject "NASA-APOD" */;
			compatibilityVersion = "Xcode 9.3";
			developmentRegion = en;
			hasScannedForEncodings = 0;
			knownRegions = (
				en,
				Base,
			);
			mainGroup = DB4145D527C986F000AFE5B6;
			packageReferences = (
				DB3973B327CB1E3D00448035 /* XCRemoteSwiftPackageReference "youtube-ios-player-helper" */,
			);
			productRefGroup = DB4145DF27C986F100AFE5B6 /* Products */;
			projectDirPath = "";
			projectRoot = "";
			targets = (
				DB4145DD27C986F100AFE5B6 /* NASA-APOD */,
			);
		};
/* End PBXProject section */

/* Begin PBXResourcesBuildPhase section */
		DB4145DC27C986F100AFE5B6 /* Resources */ = {
			isa = PBXResourcesBuildPhase;
			buildActionMask = 2147483647;
			files = (
				DB4145EE27C986F200AFE5B6 /* LaunchScreen.storyboard in Resources */,
				DB4145EB27C986F200AFE5B6 /* Assets.xcassets in Resources */,
				DB4145E927C986F100AFE5B6 /* Main.storyboard in Resources */,
			);
			runOnlyForDeploymentPostprocessing = 0;
		};
/* End PBXResourcesBuildPhase section */

/* Begin PBXSourcesBuildPhase section */
		DB4145DA27C986F100AFE5B6 /* Sources */ = {
			isa = PBXSourcesBuildPhase;
			buildActionMask = 2147483647;
			files = (
				DB4145E627C986F100AFE5B6 /* APODViewController.swift in Sources */,
				DB4145FE27CA024900AFE5B6 /* PersistenceController.swift in Sources */,
				DB41460227CA2BBE00AFE5B6 /* YearMonthDay.swift in Sources */,
				DB41460827CAA12D00AFE5B6 /* FullImageViewController.swift in Sources */,
				DB4145FC27C9FB9300AFE5B6 /* APOD.xcdatamodeld in Sources */,
				DB4145E227C986F100AFE5B6 /* AppDelegate.swift in Sources */,
				DB41460627CA9ED800AFE5B6 /* PanZoomImageView.swift in Sources */,
				DB4145F627C9A49E00AFE5B6 /* Network.swift in Sources */,
				DB41460A27CAACB800AFE5B6 /* ApodDataLoader.swift in Sources */,
				DB41460427CA2C6C00AFE5B6 /* Utilities.swift in Sources */,
				DB3973AB27CABB6500448035 /* ImageCollectionViewCell.swift in Sources */,
				DB4145E427C986F100AFE5B6 /* SceneDelegate.swift in Sources */,
				DB3973A927CAB59E00448035 /* MyFavoritesViewController.swift in Sources */,
				DB4145F827C9A54A00AFE5B6 /* APODItem.swift in Sources */,
			);
			runOnlyForDeploymentPostprocessing = 0;
		};
/* End PBXSourcesBuildPhase section */

/* Begin PBXVariantGroup section */
		DB4145E727C986F100AFE5B6 /* Main.storyboard */ = {
			isa = PBXVariantGroup;
			children = (
				DB4145E827C986F100AFE5B6 /* Base */,
			);
			name = Main.storyboard;
			sourceTree = "<group>";
		};
		DB4145EC27C986F200AFE5B6 /* LaunchScreen.storyboard */ = {
			isa = PBXVariantGroup;
			children = (
				DB4145ED27C986F200AFE5B6 /* Base */,
			);
			name = LaunchScreen.storyboard;
			sourceTree = "<group>";
		};
/* End PBXVariantGroup section */

/* Begin XCBuildConfiguration section */
		DB4145F027C986F200AFE5B6 /* Debug */ = {
			isa = XCBuildConfiguration;
			buildSettings = {
				ALWAYS_SEARCH_USER_PATHS = NO;
				CLANG_ANALYZER_NONNULL = YES;
				CLANG_ANALYZER_NUMBER_OBJECT_CONVERSION = YES_AGGRESSIVE;
				CLANG_CXX_LANGUAGE_STANDARD = "gnu++14";
				CLANG_CXX_LIBRARY = "libc++";
				CLANG_ENABLE_MODULES = YES;
				CLANG_ENABLE_OBJC_ARC = YES;
				CLANG_ENABLE_OBJC_WEAK = YES;
				CLANG_WARN_BLOCK_CAPTURE_AUTORELEASING = YES;
				CLANG_WARN_BOOL_CONVERSION = YES;
				CLANG_WARN_COMMA = YES;
				CLANG_WARN_CONSTANT_CONVERSION = YES;
				CLANG_WARN_DEPRECATED_OBJC_IMPLEMENTATIONS = YES;
				CLANG_WARN_DIRECT_OBJC_ISA_USAGE = YES_ERROR;
				CLANG_WARN_DOCUMENTATION_COMMENTS = YES;
				CLANG_WARN_EMPTY_BODY = YES;
				CLANG_WARN_ENUM_CONVERSION = YES;
				CLANG_WARN_INFINITE_RECURSION = YES;
				CLANG_WARN_INT_CONVERSION = YES;
				CLANG_WARN_NON_LITERAL_NULL_CONVERSION = YES;
				CLANG_WARN_OBJC_IMPLICIT_RETAIN_SELF = YES;
				CLANG_WARN_OBJC_LITERAL_CONVERSION = YES;
				CLANG_WARN_OBJC_ROOT_CLASS = YES_ERROR;
				CLANG_WARN_QUOTED_INCLUDE_IN_FRAMEWORK_HEADER = YES;
				CLANG_WARN_RANGE_LOOP_ANALYSIS = YES;
				CLANG_WARN_STRICT_PROTOTYPES = YES;
				CLANG_WARN_SUSPICIOUS_MOVE = YES;
				CLANG_WARN_UNGUARDED_AVAILABILITY = YES_AGGRESSIVE;
				CLANG_WARN_UNREACHABLE_CODE = YES;
				CLANG_WARN__DUPLICATE_METHOD_MATCH = YES;
				COPY_PHASE_STRIP = NO;
				DEBUG_INFORMATION_FORMAT = dwarf;
				ENABLE_STRICT_OBJC_MSGSEND = YES;
				ENABLE_TESTABILITY = YES;
				GCC_C_LANGUAGE_STANDARD = gnu11;
				GCC_DYNAMIC_NO_PIC = NO;
				GCC_NO_COMMON_BLOCKS = YES;
				GCC_OPTIMIZATION_LEVEL = 0;
				GCC_PREPROCESSOR_DEFINITIONS = (
					"DEBUG=1",
					"$(inherited)",
				);
				GCC_WARN_64_TO_32_BIT_CONVERSION = YES;
				GCC_WARN_ABOUT_RETURN_TYPE = YES_ERROR;
				GCC_WARN_UNDECLARED_SELECTOR = YES;
				GCC_WARN_UNINITIALIZED_AUTOS = YES_AGGRESSIVE;
				GCC_WARN_UNUSED_FUNCTION = YES;
				GCC_WARN_UNUSED_VARIABLE = YES;
				IPHONEOS_DEPLOYMENT_TARGET = 14.5;
				MTL_ENABLE_DEBUG_INFO = INCLUDE_SOURCE;
				MTL_FAST_MATH = YES;
				ONLY_ACTIVE_ARCH = YES;
				SDKROOT = iphoneos;
				SWIFT_ACTIVE_COMPILATION_CONDITIONS = DEBUG;
				SWIFT_OPTIMIZATION_LEVEL = "-Onone";
			};
			name = Debug;
		};
		DB4145F127C986F200AFE5B6 /* Release */ = {
			isa = XCBuildConfiguration;
			buildSettings = {
				ALWAYS_SEARCH_USER_PATHS = NO;
				CLANG_ANALYZER_NONNULL = YES;
				CLANG_ANALYZER_NUMBER_OBJECT_CONVERSION = YES_AGGRESSIVE;
				CLANG_CXX_LANGUAGE_STANDARD = "gnu++14";
				CLANG_CXX_LIBRARY = "libc++";
				CLANG_ENABLE_MODULES = YES;
				CLANG_ENABLE_OBJC_ARC = YES;
				CLANG_ENABLE_OBJC_WEAK = YES;
				CLANG_WARN_BLOCK_CAPTURE_AUTORELEASING = YES;
				CLANG_WARN_BOOL_CONVERSION = YES;
				CLANG_WARN_COMMA = YES;
				CLANG_WARN_CONSTANT_CONVERSION = YES;
				CLANG_WARN_DEPRECATED_OBJC_IMPLEMENTATIONS = YES;
				CLANG_WARN_DIRECT_OBJC_ISA_USAGE = YES_ERROR;
				CLANG_WARN_DOCUMENTATION_COMMENTS = YES;
				CLANG_WARN_EMPTY_BODY = YES;
				CLANG_WARN_ENUM_CONVERSION = YES;
				CLANG_WARN_INFINITE_RECURSION = YES;
				CLANG_WARN_INT_CONVERSION = YES;
				CLANG_WARN_NON_LITERAL_NULL_CONVERSION = YES;
				CLANG_WARN_OBJC_IMPLICIT_RETAIN_SELF = YES;
				CLANG_WARN_OBJC_LITERAL_CONVERSION = YES;
				CLANG_WARN_OBJC_ROOT_CLASS = YES_ERROR;
				CLANG_WARN_QUOTED_INCLUDE_IN_FRAMEWORK_HEADER = YES;
				CLANG_WARN_RANGE_LOOP_ANALYSIS = YES;
				CLANG_WARN_STRICT_PROTOTYPES = YES;
				CLANG_WARN_SUSPICIOUS_MOVE = YES;
				CLANG_WARN_UNGUARDED_AVAILABILITY = YES_AGGRESSIVE;
				CLANG_WARN_UNREACHABLE_CODE = YES;
				CLANG_WARN__DUPLICATE_METHOD_MATCH = YES;
				COPY_PHASE_STRIP = NO;
				DEBUG_INFORMATION_FORMAT = "dwarf-with-dsym";
				ENABLE_NS_ASSERTIONS = NO;
				ENABLE_STRICT_OBJC_MSGSEND = YES;
				GCC_C_LANGUAGE_STANDARD = gnu11;
				GCC_NO_COMMON_BLOCKS = YES;
				GCC_WARN_64_TO_32_BIT_CONVERSION = YES;
				GCC_WARN_ABOUT_RETURN_TYPE = YES_ERROR;
				GCC_WARN_UNDECLARED_SELECTOR = YES;
				GCC_WARN_UNINITIALIZED_AUTOS = YES_AGGRESSIVE;
				GCC_WARN_UNUSED_FUNCTION = YES;
				GCC_WARN_UNUSED_VARIABLE = YES;
				IPHONEOS_DEPLOYMENT_TARGET = 14.5;
				MTL_ENABLE_DEBUG_INFO = NO;
				MTL_FAST_MATH = YES;
				SDKROOT = iphoneos;
				SWIFT_COMPILATION_MODE = wholemodule;
				SWIFT_OPTIMIZATION_LEVEL = "-O";
				VALIDATE_PRODUCT = YES;
			};
			name = Release;
		};
		DB4145F327C986F200AFE5B6 /* Debug */ = {
			isa = XCBuildConfiguration;
			buildSettings = {
				ASSETCATALOG_COMPILER_APPICON_NAME = AppIcon;
				ASSETCATALOG_COMPILER_GLOBAL_ACCENT_COLOR_NAME = AccentColor;
				CODE_SIGN_STYLE = Automatic;
				INFOPLIST_FILE = "NASA-APOD/Info.plist";
				LD_RUNPATH_SEARCH_PATHS = (
					"$(inherited)",
					"@executable_path/Frameworks",
				);
				PRODUCT_BUNDLE_IDENTIFIER = "com.sail.NASA-APOD";
				PRODUCT_NAME = "$(TARGET_NAME)";
				SWIFT_VERSION = 5.0;
				TARGETED_DEVICE_FAMILY = "1,2";
			};
			name = Debug;
		};
		DB4145F427C986F200AFE5B6 /* Release */ = {
			isa = XCBuildConfiguration;
			buildSettings = {
				ASSETCATALOG_COMPILER_APPICON_NAME = AppIcon;
				ASSETCATALOG_COMPILER_GLOBAL_ACCENT_COLOR_NAME = AccentColor;
				CODE_SIGN_STYLE = Automatic;
				INFOPLIST_FILE = "NASA-APOD/Info.plist";
				LD_RUNPATH_SEARCH_PATHS = (
					"$(inherited)",
					"@executable_path/Frameworks",
				);
				PRODUCT_BUNDLE_IDENTIFIER = "com.sail.NASA-APOD";
				PRODUCT_NAME = "$(TARGET_NAME)";
				SWIFT_VERSION = 5.0;
				TARGETED_DEVICE_FAMILY = "1,2";
			};
			name = Release;
		};
/* End XCBuildConfiguration section */

/* Begin XCConfigurationList section */
		DB4145D927C986F100AFE5B6 /* Build configuration list for PBXProject "NASA-APOD" */ = {
			isa = XCConfigurationList;
			buildConfigurations = (
				DB4145F027C986F200AFE5B6 /* Debug */,
				DB4145F127C986F200AFE5B6 /* Release */,
			);
			defaultConfigurationIsVisible = 0;
			defaultConfigurationName = Release;
		};
		DB4145F227C986F200AFE5B6 /* Build configuration list for PBXNativeTarget "NASA-APOD" */ = {
			isa = XCConfigurationList;
			buildConfigurations = (
				DB4145F327C986F200AFE5B6 /* Debug */,
				DB4145F427C986F200AFE5B6 /* Release */,
			);
			defaultConfigurationIsVisible = 0;
			defaultConfigurationName = Release;
		};
/* End XCConfigurationList section */

/* Begin XCRemoteSwiftPackageReference section */
		DB3973B327CB1E3D00448035 /* XCRemoteSwiftPackageReference "youtube-ios-player-helper" */ = {
			isa = XCRemoteSwiftPackageReference;
			repositoryURL = "https://github.com/youtube/youtube-ios-player-helper.git";
			requirement = {
				kind = upToNextMinorVersion;
				minimumVersion = 1.0.4;
			};
		};
/* End XCRemoteSwiftPackageReference section */

/* Begin XCSwiftPackageProductDependency section */
		DB3973B427CB1E3D00448035 /* YouTubeiOSPlayerHelper */ = {
			isa = XCSwiftPackageProductDependency;
			package = DB3973B327CB1E3D00448035 /* XCRemoteSwiftPackageReference "youtube-ios-player-helper" */;
			productName = YouTubeiOSPlayerHelper;
		};
/* End XCSwiftPackageProductDependency section */

/* Begin XCVersionGroup section */
		DB4145FA27C9FB9300AFE5B6 /* APOD.xcdatamodeld */ = {
			isa = XCVersionGroup;
			children = (
				DB4145FB27C9FB9300AFE5B6 /* APOD.xcdatamodel */,
			);
			currentVersion = DB4145FB27C9FB9300AFE5B6 /* APOD.xcdatamodel */;
			path = APOD.xcdatamodeld;
			sourceTree = "<group>";
			versionGroupType = wrapper.xcdatamodel;
		};
/* End XCVersionGroup section */
	};
	rootObject = DB4145D627C986F100AFE5B6 /* Project object */;
}
